// !$*UTF8*$!
{
	archiveVersion = 1;
	classes = {
	};
	objectVersion = 45;
	objects = {

/* Begin PBXBuildFile section */
		1D3623260D0F684500981E51 /* FASTFaceAppDelegate.m in Sources */ = {isa = PBXBuildFile; fileRef = 1D3623250D0F684500981E51 /* FASTFaceAppDelegate.m */; };
		1D60589B0D05DD56006BFB54 /* main.m in Sources */ = {isa = PBXBuildFile; fileRef = 29B97316FDCFA39411CA2CEA /* main.m */; };
		1D60589F0D05DD5A006BFB54 /* Foundation.framework in Frameworks */ = {isa = PBXBuildFile; fileRef = 1D30AB110D05D00D00671497 /* Foundation.framework */; };
		1DF5F4E00D08C38300B7A737 /* UIKit.framework in Frameworks */ = {isa = PBXBuildFile; fileRef = 1DF5F4DF0D08C38300B7A737 /* UIKit.framework */; };
		288765FD0DF74451002DB57D /* CoreGraphics.framework in Frameworks */ = {isa = PBXBuildFile; fileRef = 288765FC0DF74451002DB57D /* CoreGraphics.framework */; };
		D00B720711DF19A70033CB25 /* libFASTFaceRecognizer.a in Frameworks */ = {isa = PBXBuildFile; fileRef = D0C05C8011CECC2000C20516 /* libFASTFaceRecognizer.a */; };
		D00B720811DF19A80033CB25 /* libFASTFaceRecognizer.a in Frameworks */ = {isa = PBXBuildFile; fileRef = D0C05C8011CECC2000C20516 /* libFASTFaceRecognizer.a */; };
		D0243EEC11E031B000E55B79 /* face_template.txt in Resources */ = {isa = PBXBuildFile; fileRef = D0243EEB11E031B000E55B79 /* face_template.txt */; };
		D02F61A211E14A7D006ABDC6 /* blank_image.png in Resources */ = {isa = PBXBuildFile; fileRef = D091DE0E11C994E7009B2AA1 /* blank_image.png */; };
		D02F61A511E14A7D006ABDC6 /* main.m in Sources */ = {isa = PBXBuildFile; fileRef = 29B97316FDCFA39411CA2CEA /* main.m */; };
		D02F61A611E14A7D006ABDC6 /* FASTFaceAppDelegate.m in Sources */ = {isa = PBXBuildFile; fileRef = 1D3623250D0F684500981E51 /* FASTFaceAppDelegate.m */; };
		D02F61A711E14A7D006ABDC6 /* MainViewController.m in Sources */ = {isa = PBXBuildFile; fileRef = D091DDFD11C9901C009B2AA1 /* MainViewController.m */; };
		D02F61A811E14A7D006ABDC6 /* ResultViewController.m in Sources */ = {isa = PBXBuildFile; fileRef = D0593F7111CC681C000B3FDC /* ResultViewController.m */; };
		D02F61A911E14A7D006ABDC6 /* FASTFaceModel.m in Sources */ = {isa = PBXBuildFile; fileRef = D0F44DA311E077D4003CE7FC /* FASTFaceModel.m */; };
		D02F61AB11E14A7D006ABDC6 /* Foundation.framework in Frameworks */ = {isa = PBXBuildFile; fileRef = 1D30AB110D05D00D00671497 /* Foundation.framework */; };
		D02F61AC11E14A7D006ABDC6 /* UIKit.framework in Frameworks */ = {isa = PBXBuildFile; fileRef = 1DF5F4DF0D08C38300B7A737 /* UIKit.framework */; };
		D02F61AD11E14A7D006ABDC6 /* CoreGraphics.framework in Frameworks */ = {isa = PBXBuildFile; fileRef = 288765FC0DF74451002DB57D /* CoreGraphics.framework */; };
		D02F61AE11E14A7D006ABDC6 /* iAd.framework in Frameworks */ = {isa = PBXBuildFile; fileRef = D0593FFC11CC6DC5000B3FDC /* iAd.framework */; };
		D02F61AF11E14A7D006ABDC6 /* MobileCoreServices.framework in Frameworks */ = {isa = PBXBuildFile; fileRef = D0955D1511CDB51600B5FBAD /* MobileCoreServices.framework */; };
		D02F61B011E14A7D006ABDC6 /* libFASTFaceRecognizer.a in Frameworks */ = {isa = PBXBuildFile; fileRef = D0C05C8011CECC2000C20516 /* libFASTFaceRecognizer.a */; };
		D02F64A311E1504E006ABDC6 /* FASTFaceTests.octest in Resources */ = {isa = PBXBuildFile; fileRef = D02F626E11E14EED006ABDC6 /* FASTFaceTests.octest */; };
		D02F65D311E157EA006ABDC6 /* FASTFaceAppTests.m in Sources */ = {isa = PBXBuildFile; fileRef = D02F65D111E157EA006ABDC6 /* FASTFaceAppTests.m */; };
		D02F663F11E159C5006ABDC6 /* FASTFaceModelTests.m in Sources */ = {isa = PBXBuildFile; fileRef = D02F663E11E159C5006ABDC6 /* FASTFaceModelTests.m */; };
		D02F664011E15A24006ABDC6 /* FASTFaceModel.m in Sources */ = {isa = PBXBuildFile; fileRef = D0F44DA311E077D4003CE7FC /* FASTFaceModel.m */; };
		D02F665711E15A4C006ABDC6 /* libFASTFaceRecognizer.a in Frameworks */ = {isa = PBXBuildFile; fileRef = D0C05C8011CECC2000C20516 /* libFASTFaceRecognizer.a */; };
		D02F66CC11E15A64006ABDC6 /* Foundation.framework in Frameworks */ = {isa = PBXBuildFile; fileRef = 1D30AB110D05D00D00671497 /* Foundation.framework */; };
		D02F66CD11E15A64006ABDC6 /* CoreGraphics.framework in Frameworks */ = {isa = PBXBuildFile; fileRef = 288765FC0DF74451002DB57D /* CoreGraphics.framework */; };
		D035178211D2D018006554C6 /* UIKit.framework in Frameworks */ = {isa = PBXBuildFile; fileRef = 1DF5F4DF0D08C38300B7A737 /* UIKit.framework */; };
		D035178311D2D018006554C6 /* CoreGraphics.framework in Frameworks */ = {isa = PBXBuildFile; fileRef = 288765FC0DF74451002DB57D /* CoreGraphics.framework */; };
		D035179211D2D0A9006554C6 /* test_image.png in Resources */ = {isa = PBXBuildFile; fileRef = D035179111D2D0A9006554C6 /* test_image.png */; };
		D058488511E20FD3008372C9 /* FASTFace_Prefix.pch in Headers */ = {isa = PBXBuildFile; fileRef = 32CA4F630368D1EE00C91783 /* FASTFace_Prefix.pch */; };
		D05848E911E214D9008372C9 /* face_template.txt in Resources */ = {isa = PBXBuildFile; fileRef = D05848E711E214D9008372C9 /* face_template.txt */; };
		D05848EA11E214D9008372C9 /* test_image.png in Resources */ = {isa = PBXBuildFile; fileRef = D05848E811E214D9008372C9 /* test_image.png */; };
		D05848EB11E214D9008372C9 /* face_template.txt in Resources */ = {isa = PBXBuildFile; fileRef = D05848E711E214D9008372C9 /* face_template.txt */; };
		D05848EC11E214D9008372C9 /* test_image.png in Resources */ = {isa = PBXBuildFile; fileRef = D05848E811E214D9008372C9 /* test_image.png */; };
		D05848ED11E214D9008372C9 /* face_template.txt in Resources */ = {isa = PBXBuildFile; fileRef = D05848E711E214D9008372C9 /* face_template.txt */; };
		D05848EE11E214D9008372C9 /* test_image.png in Resources */ = {isa = PBXBuildFile; fileRef = D05848E811E214D9008372C9 /* test_image.png */; };
		D05848EF11E214D9008372C9 /* face_template.txt in Resources */ = {isa = PBXBuildFile; fileRef = D05848E711E214D9008372C9 /* face_template.txt */; };
		D05848F011E214D9008372C9 /* test_image.png in Resources */ = {isa = PBXBuildFile; fileRef = D05848E811E214D9008372C9 /* test_image.png */; };
		D058498711E21A0F008372C9 /* FASTFaceRecognizerTest.m in Sources */ = {isa = PBXBuildFile; fileRef = D058498611E21A0F008372C9 /* FASTFaceRecognizerTest.m */; };
		D058499F11E21A87008372C9 /* UIImage+Alpha.m in Sources */ = {isa = PBXBuildFile; fileRef = D058499811E21A87008372C9 /* UIImage+Alpha.m */; };
		D05849A011E21A87008372C9 /* UIImage+Grayscale.m in Sources */ = {isa = PBXBuildFile; fileRef = D058499A11E21A87008372C9 /* UIImage+Grayscale.m */; };
		D05849A111E21A87008372C9 /* UIImage+Resize.m in Sources */ = {isa = PBXBuildFile; fileRef = D058499C11E21A87008372C9 /* UIImage+Resize.m */; };
		D05849A211E21A87008372C9 /* UIImage+RoundedCorner.m in Sources */ = {isa = PBXBuildFile; fileRef = D058499E11E21A87008372C9 /* UIImage+RoundedCorner.m */; };
		D05849A311E21A87008372C9 /* UIImage+Alpha.m in Sources */ = {isa = PBXBuildFile; fileRef = D058499811E21A87008372C9 /* UIImage+Alpha.m */; };
		D05849A411E21A87008372C9 /* UIImage+Grayscale.m in Sources */ = {isa = PBXBuildFile; fileRef = D058499A11E21A87008372C9 /* UIImage+Grayscale.m */; };
		D05849A511E21A87008372C9 /* UIImage+Resize.m in Sources */ = {isa = PBXBuildFile; fileRef = D058499C11E21A87008372C9 /* UIImage+Resize.m */; };
		D05849A611E21A87008372C9 /* UIImage+RoundedCorner.m in Sources */ = {isa = PBXBuildFile; fileRef = D058499E11E21A87008372C9 /* UIImage+RoundedCorner.m */; };
		D05849A711E21A87008372C9 /* UIImage+Alpha.h in Headers */ = {isa = PBXBuildFile; fileRef = D058499711E21A87008372C9 /* UIImage+Alpha.h */; };
		D05849A811E21A87008372C9 /* UIImage+Alpha.m in Sources */ = {isa = PBXBuildFile; fileRef = D058499811E21A87008372C9 /* UIImage+Alpha.m */; };
		D05849A911E21A87008372C9 /* UIImage+Grayscale.h in Headers */ = {isa = PBXBuildFile; fileRef = D058499911E21A87008372C9 /* UIImage+Grayscale.h */; };
		D05849AA11E21A87008372C9 /* UIImage+Grayscale.m in Sources */ = {isa = PBXBuildFile; fileRef = D058499A11E21A87008372C9 /* UIImage+Grayscale.m */; };
		D05849AB11E21A87008372C9 /* UIImage+Resize.h in Headers */ = {isa = PBXBuildFile; fileRef = D058499B11E21A87008372C9 /* UIImage+Resize.h */; };
		D05849AC11E21A87008372C9 /* UIImage+Resize.m in Sources */ = {isa = PBXBuildFile; fileRef = D058499C11E21A87008372C9 /* UIImage+Resize.m */; };
		D05849AD11E21A87008372C9 /* UIImage+RoundedCorner.h in Headers */ = {isa = PBXBuildFile; fileRef = D058499D11E21A87008372C9 /* UIImage+RoundedCorner.h */; };
		D05849AE11E21A87008372C9 /* UIImage+RoundedCorner.m in Sources */ = {isa = PBXBuildFile; fileRef = D058499E11E21A87008372C9 /* UIImage+RoundedCorner.m */; };
		D0593F7311CC681C000B3FDC /* ResultViewController.m in Sources */ = {isa = PBXBuildFile; fileRef = D0593F7111CC681C000B3FDC /* ResultViewController.m */; };
		D0593FFD11CC6DC5000B3FDC /* iAd.framework in Frameworks */ = {isa = PBXBuildFile; fileRef = D0593FFC11CC6DC5000B3FDC /* iAd.framework */; };
		D059412D11CC81A9000B3FDC /* ResultViewController.xib in Resources */ = {isa = PBXBuildFile; fileRef = D059412C11CC81A9000B3FDC /* ResultViewController.xib */; };
		D059412F11CC81BD000B3FDC /* MainViewController.xib in Resources */ = {isa = PBXBuildFile; fileRef = D059412E11CC81BD000B3FDC /* MainViewController.xib */; };
		D059418111CC859E000B3FDC /* MainWindow.xib in Resources */ = {isa = PBXBuildFile; fileRef = D059418011CC859E000B3FDC /* MainWindow.xib */; };
		D05CD35511E34F1C0099F2F8 /* UIImageCategoriesTests.m in Sources */ = {isa = PBXBuildFile; fileRef = D05CD35411E34F1C0099F2F8 /* UIImageCategoriesTests.m */; };
		D05CD36211E34FA60099F2F8 /* test_image_noalpha.png in Resources */ = {isa = PBXBuildFile; fileRef = D05CD36111E34FA60099F2F8 /* test_image_noalpha.png */; };
		D05CD3BF11E351C60099F2F8 /* UIImage+Alpha.m in Sources */ = {isa = PBXBuildFile; fileRef = D058499811E21A87008372C9 /* UIImage+Alpha.m */; };
		D05CD3C011E351C60099F2F8 /* UIImage+Grayscale.m in Sources */ = {isa = PBXBuildFile; fileRef = D058499A11E21A87008372C9 /* UIImage+Grayscale.m */; };
		D05CD3C111E351C60099F2F8 /* UIImage+Resize.m in Sources */ = {isa = PBXBuildFile; fileRef = D058499C11E21A87008372C9 /* UIImage+Resize.m */; };
		D05CD3C211E351C60099F2F8 /* UIImage+RoundedCorner.m in Sources */ = {isa = PBXBuildFile; fileRef = D058499E11E21A87008372C9 /* UIImage+RoundedCorner.m */; };
		D065228211E1FEE200D9615B /* UIKit.framework in Frameworks */ = {isa = PBXBuildFile; fileRef = 1DF5F4DF0D08C38300B7A737 /* UIKit.framework */; };
		D078DEA811D174F70006BAD6 /* FaceTemplate.h in Headers */ = {isa = PBXBuildFile; fileRef = D078DEA611D174F70006BAD6 /* FaceTemplate.h */; };
		D078DEA911D174F70006BAD6 /* FaceTemplate.c in Sources */ = {isa = PBXBuildFile; fileRef = D078DEA711D174F70006BAD6 /* FaceTemplate.c */; };
		D078DEAA11D175080006BAD6 /* FaceRecognizer.h in Headers */ = {isa = PBXBuildFile; fileRef = D078DE9C11D174D20006BAD6 /* FaceRecognizer.h */; };
		D078DEAC11D175140006BAD6 /* FaceRecognizer.c in Sources */ = {isa = PBXBuildFile; fileRef = D078DE9D11D174D20006BAD6 /* FaceRecognizer.c */; };
		D091DDFF11C9901C009B2AA1 /* MainViewController.m in Sources */ = {isa = PBXBuildFile; fileRef = D091DDFD11C9901C009B2AA1 /* MainViewController.m */; };
		D091DE0F11C994E7009B2AA1 /* blank_image.png in Resources */ = {isa = PBXBuildFile; fileRef = D091DE0E11C994E7009B2AA1 /* blank_image.png */; };
		D0955D1611CDB51600B5FBAD /* MobileCoreServices.framework in Frameworks */ = {isa = PBXBuildFile; fileRef = D0955D1511CDB51600B5FBAD /* MobileCoreServices.framework */; };
		D0C05C9F11CECD1C00C20516 /* FASTFaceRecognizer.h in Headers */ = {isa = PBXBuildFile; fileRef = D0C05C9D11CECD1C00C20516 /* FASTFaceRecognizer.h */; };
		D0C05CA011CECD1C00C20516 /* FASTFaceRecognizer.m in Sources */ = {isa = PBXBuildFile; fileRef = D0C05C9E11CECD1C00C20516 /* FASTFaceRecognizer.m */; };
		D0F44DA411E077D4003CE7FC /* FASTFaceModel.m in Sources */ = {isa = PBXBuildFile; fileRef = D0F44DA311E077D4003CE7FC /* FASTFaceModel.m */; };
		D0F992FD11D029F8004312F8 /* UIKit.framework in Frameworks */ = {isa = PBXBuildFile; fileRef = 1DF5F4DF0D08C38300B7A737 /* UIKit.framework */; };
		D0F992FE11D029F8004312F8 /* Foundation.framework in Frameworks */ = {isa = PBXBuildFile; fileRef = 1D30AB110D05D00D00671497 /* Foundation.framework */; };
		D0F992FF11D029F8004312F8 /* CoreGraphics.framework in Frameworks */ = {isa = PBXBuildFile; fileRef = 288765FC0DF74451002DB57D /* CoreGraphics.framework */; };
/* End PBXBuildFile section */

/* Begin PBXContainerItemProxy section */
		D00B71D611DF18200033CB25 /* PBXContainerItemProxy */ = {
			isa = PBXContainerItemProxy;
			containerPortal = 29B97313FDCFA39411CA2CEA /* Project object */;
			proxyType = 1;
			remoteGlobalIDString = D0C05C7F11CECC2000C20516;
			remoteInfo = FASTFaceRecognizer;
		};
		D02F627A11E14F3C006ABDC6 /* PBXContainerItemProxy */ = {
			isa = PBXContainerItemProxy;
			containerPortal = 29B97313FDCFA39411CA2CEA /* Project object */;
			proxyType = 1;
			remoteGlobalIDString = D02F626D11E14EED006ABDC6;
			remoteInfo = FASTFaceTests;
		};
		D02F659B11E1566D006ABDC6 /* PBXContainerItemProxy */ = {
			isa = PBXContainerItemProxy;
			containerPortal = 29B97313FDCFA39411CA2CEA /* Project object */;
			proxyType = 1;
			remoteGlobalIDString = D0C05C7F11CECC2000C20516;
			remoteInfo = FASTFaceRecognizer;
		};
		D02F664D11E15A46006ABDC6 /* PBXContainerItemProxy */ = {
			isa = PBXContainerItemProxy;
			containerPortal = 29B97313FDCFA39411CA2CEA /* Project object */;
			proxyType = 1;
			remoteGlobalIDString = D0C05C7F11CECC2000C20516;
			remoteInfo = FASTFaceRecognizer;
		};
		D0A65CE111D2D6A100C3BD23 /* PBXContainerItemProxy */ = {
			isa = PBXContainerItemProxy;
			containerPortal = 29B97313FDCFA39411CA2CEA /* Project object */;
			proxyType = 1;
			remoteGlobalIDString = D0C05C7F11CECC2000C20516;
			remoteInfo = FASTFaceRecognizer;
		};
/* End PBXContainerItemProxy section */

/* Begin PBXFileReference section */
		1D30AB110D05D00D00671497 /* Foundation.framework */ = {isa = PBXFileReference; lastKnownFileType = wrapper.framework; name = Foundation.framework; path = System/Library/Frameworks/Foundation.framework; sourceTree = SDKROOT; };
		1D3623240D0F684500981E51 /* FASTFaceAppDelegate.h */ = {isa = PBXFileReference; fileEncoding = 4; lastKnownFileType = sourcecode.c.h; path = FASTFaceAppDelegate.h; sourceTree = "<group>"; };
		1D3623250D0F684500981E51 /* FASTFaceAppDelegate.m */ = {isa = PBXFileReference; fileEncoding = 4; lastKnownFileType = sourcecode.c.objc; path = FASTFaceAppDelegate.m; sourceTree = "<group>"; };
		1D6058910D05DD3D006BFB54 /* FASTFace.app */ = {isa = PBXFileReference; explicitFileType = wrapper.application; includeInIndex = 0; path = FASTFace.app; sourceTree = BUILT_PRODUCTS_DIR; };
		1DF5F4DF0D08C38300B7A737 /* UIKit.framework */ = {isa = PBXFileReference; lastKnownFileType = wrapper.framework; name = UIKit.framework; path = System/Library/Frameworks/UIKit.framework; sourceTree = SDKROOT; };
		288765FC0DF74451002DB57D /* CoreGraphics.framework */ = {isa = PBXFileReference; lastKnownFileType = wrapper.framework; name = CoreGraphics.framework; path = System/Library/Frameworks/CoreGraphics.framework; sourceTree = SDKROOT; };
		28AD733E0D9D9553002E5188 /* MainWindow.xib */ = {isa = PBXFileReference; lastKnownFileType = file.xib; name = MainWindow.xib; path = English.lproj/MainWindow.xib; sourceTree = "<group>"; };
		29B97316FDCFA39411CA2CEA /* main.m */ = {isa = PBXFileReference; fileEncoding = 4; lastKnownFileType = sourcecode.c.objc; path = main.m; sourceTree = "<group>"; };
		32CA4F630368D1EE00C91783 /* FASTFace_Prefix.pch */ = {isa = PBXFileReference; fileEncoding = 4; lastKnownFileType = sourcecode.c.h; path = FASTFace_Prefix.pch; sourceTree = "<group>"; };
		8D1107310486CEB800E47090 /* FASTFace-Info.plist */ = {isa = PBXFileReference; fileEncoding = 4; lastKnownFileType = text.plist.xml; name = "FASTFace-Info.plist"; path = "../FASTFace-Info.plist"; plistStructureDefinitionIdentifier = "com.apple.xcode.plist.structure-definition.iphone.info-plist"; sourceTree = "<group>"; };
		D0243EEB11E031B000E55B79 /* face_template.txt */ = {isa = PBXFileReference; explicitFileType = text; fileEncoding = 7; lineEnding = 0; path = face_template.txt; sourceTree = "<group>"; };
		D02F61B411E14A7D006ABDC6 /* FASTFace.app */ = {isa = PBXFileReference; explicitFileType = wrapper.application; includeInIndex = 0; path = FASTFace.app; sourceTree = BUILT_PRODUCTS_DIR; };
		D02F624B11E14E6E006ABDC6 /* FASTFaceTesting-Info.plist */ = {isa = PBXFileReference; fileEncoding = 4; lastKnownFileType = text.plist.xml; name = "FASTFaceTesting-Info.plist"; path = "FASTFaceApp/FASTFaceTesting-Info.plist"; sourceTree = SOURCE_ROOT; };
		D02F626E11E14EED006ABDC6 /* FASTFaceTests.octest */ = {isa = PBXFileReference; explicitFileType = wrapper.cfbundle; includeInIndex = 0; path = FASTFaceTests.octest; sourceTree = BUILT_PRODUCTS_DIR; };
		D02F647E11E14FE0006ABDC6 /* FASTFaceTests-Info.plist */ = {isa = PBXFileReference; fileEncoding = 4; lastKnownFileType = text.plist.xml; path = "FASTFaceTests-Info.plist"; sourceTree = "<group>"; };
		D02F65D111E157EA006ABDC6 /* FASTFaceAppTests.m */ = {isa = PBXFileReference; fileEncoding = 4; lastKnownFileType = sourcecode.c.objc; path = FASTFaceAppTests.m; sourceTree = "<group>"; };
		D02F662511E15957006ABDC6 /* FASTFaceModelTests.octest */ = {isa = PBXFileReference; explicitFileType = wrapper.cfbundle; includeInIndex = 0; path = FASTFaceModelTests.octest; sourceTree = BUILT_PRODUCTS_DIR; };
		D02F662611E15957006ABDC6 /* FASTFaceModelTests-Info.plist */ = {isa = PBXFileReference; lastKnownFileType = text.plist.xml; path = "FASTFaceModelTests-Info.plist"; sourceTree = "<group>"; };
		D02F663E11E159C5006ABDC6 /* FASTFaceModelTests.m */ = {isa = PBXFileReference; fileEncoding = 4; lastKnownFileType = sourcecode.c.objc; path = FASTFaceModelTests.m; sourceTree = "<group>"; };
		D035179111D2D0A9006554C6 /* test_image.png */ = {isa = PBXFileReference; lastKnownFileType = image.png; path = test_image.png; sourceTree = "<group>"; };
		D05848E711E214D9008372C9 /* face_template.txt */ = {isa = PBXFileReference; fileEncoding = 4; lastKnownFileType = text; path = face_template.txt; sourceTree = "<group>"; };
		D05848E811E214D9008372C9 /* test_image.png */ = {isa = PBXFileReference; explicitFileType = image.png; path = test_image.png; sourceTree = "<group>"; };
		D058498611E21A0F008372C9 /* FASTFaceRecognizerTest.m */ = {isa = PBXFileReference; fileEncoding = 4; lastKnownFileType = sourcecode.c.objc; path = FASTFaceRecognizerTest.m; sourceTree = "<group>"; };
		D058499711E21A87008372C9 /* UIImage+Alpha.h */ = {isa = PBXFileReference; fileEncoding = 4; lastKnownFileType = sourcecode.c.h; path = "UIImage+Alpha.h"; sourceTree = "<group>"; };
		D058499811E21A87008372C9 /* UIImage+Alpha.m */ = {isa = PBXFileReference; fileEncoding = 4; lastKnownFileType = sourcecode.c.objc; path = "UIImage+Alpha.m"; sourceTree = "<group>"; };
		D058499911E21A87008372C9 /* UIImage+Grayscale.h */ = {isa = PBXFileReference; fileEncoding = 4; lastKnownFileType = sourcecode.c.h; path = "UIImage+Grayscale.h"; sourceTree = "<group>"; };
		D058499A11E21A87008372C9 /* UIImage+Grayscale.m */ = {isa = PBXFileReference; fileEncoding = 4; lastKnownFileType = sourcecode.c.objc; path = "UIImage+Grayscale.m"; sourceTree = "<group>"; };
		D058499B11E21A87008372C9 /* UIImage+Resize.h */ = {isa = PBXFileReference; fileEncoding = 4; lastKnownFileType = sourcecode.c.h; path = "UIImage+Resize.h"; sourceTree = "<group>"; };
		D058499C11E21A87008372C9 /* UIImage+Resize.m */ = {isa = PBXFileReference; fileEncoding = 4; lastKnownFileType = sourcecode.c.objc; path = "UIImage+Resize.m"; sourceTree = "<group>"; };
		D058499D11E21A87008372C9 /* UIImage+RoundedCorner.h */ = {isa = PBXFileReference; fileEncoding = 4; lastKnownFileType = sourcecode.c.h; path = "UIImage+RoundedCorner.h"; sourceTree = "<group>"; };
		D058499E11E21A87008372C9 /* UIImage+RoundedCorner.m */ = {isa = PBXFileReference; fileEncoding = 4; lastKnownFileType = sourcecode.c.objc; path = "UIImage+RoundedCorner.m"; sourceTree = "<group>"; };
		D0593F7011CC681C000B3FDC /* ResultViewController.h */ = {isa = PBXFileReference; fileEncoding = 4; lastKnownFileType = sourcecode.c.h; path = ResultViewController.h; sourceTree = "<group>"; };
		D0593F7111CC681C000B3FDC /* ResultViewController.m */ = {isa = PBXFileReference; fileEncoding = 4; lastKnownFileType = sourcecode.c.objc; path = ResultViewController.m; sourceTree = "<group>"; };
		D0593F7211CC681C000B3FDC /* ResultViewController.xib */ = {isa = PBXFileReference; lastKnownFileType = file.xib; name = ResultViewController.xib; path = English.lproj/ResultViewController.xib; sourceTree = "<group>"; };
		D0593FFC11CC6DC5000B3FDC /* iAd.framework */ = {isa = PBXFileReference; lastKnownFileType = wrapper.framework; name = iAd.framework; path = System/Library/Frameworks/iAd.framework; sourceTree = SDKROOT; };
		D05CD35411E34F1C0099F2F8 /* UIImageCategoriesTests.m */ = {isa = PBXFileReference; fileEncoding = 4; lastKnownFileType = sourcecode.c.objc; path = UIImageCategoriesTests.m; sourceTree = "<group>"; };
		D05CD36111E34FA60099F2F8 /* test_image_noalpha.png */ = {isa = PBXFileReference; lastKnownFileType = image.png; path = test_image_noalpha.png; sourceTree = "<group>"; };
		D078DE9C11D174D20006BAD6 /* FaceRecognizer.h */ = {isa = PBXFileReference; fileEncoding = 4; lastKnownFileType = sourcecode.c.h; path = FaceRecognizer.h; sourceTree = "<group>"; };
		D078DE9D11D174D20006BAD6 /* FaceRecognizer.c */ = {isa = PBXFileReference; fileEncoding = 4; lastKnownFileType = sourcecode.c.c; path = FaceRecognizer.c; sourceTree = "<group>"; };
		D078DEA611D174F70006BAD6 /* FaceTemplate.h */ = {isa = PBXFileReference; fileEncoding = 4; lastKnownFileType = sourcecode.c.h; path = FaceTemplate.h; sourceTree = "<group>"; };
		D078DEA711D174F70006BAD6 /* FaceTemplate.c */ = {isa = PBXFileReference; fileEncoding = 4; lastKnownFileType = sourcecode.c.c; path = FaceTemplate.c; sourceTree = "<group>"; };
		D091DDFC11C9901C009B2AA1 /* MainViewController.h */ = {isa = PBXFileReference; fileEncoding = 4; lastKnownFileType = sourcecode.c.h; path = MainViewController.h; sourceTree = "<group>"; };
		D091DDFD11C9901C009B2AA1 /* MainViewController.m */ = {isa = PBXFileReference; fileEncoding = 4; lastKnownFileType = sourcecode.c.objc; path = MainViewController.m; sourceTree = "<group>"; };
		D091DDFE11C9901C009B2AA1 /* MainViewController.xib */ = {isa = PBXFileReference; lastKnownFileType = file.xib; name = MainViewController.xib; path = English.lproj/MainViewController.xib; sourceTree = "<group>"; };
		D091DE0E11C994E7009B2AA1 /* blank_image.png */ = {isa = PBXFileReference; lastKnownFileType = image.png; path = blank_image.png; sourceTree = "<group>"; };
		D0955D1511CDB51600B5FBAD /* MobileCoreServices.framework */ = {isa = PBXFileReference; lastKnownFileType = wrapper.framework; name = MobileCoreServices.framework; path = System/Library/Frameworks/MobileCoreServices.framework; sourceTree = SDKROOT; };
		D0C05C8011CECC2000C20516 /* libFASTFaceRecognizer.a */ = {isa = PBXFileReference; explicitFileType = archive.ar; includeInIndex = 0; path = libFASTFaceRecognizer.a; sourceTree = BUILT_PRODUCTS_DIR; };
		D0C05C9D11CECD1C00C20516 /* FASTFaceRecognizer.h */ = {isa = PBXFileReference; fileEncoding = 4; lastKnownFileType = sourcecode.c.h; path = FASTFaceRecognizer.h; sourceTree = "<group>"; };
		D0C05C9E11CECD1C00C20516 /* FASTFaceRecognizer.m */ = {isa = PBXFileReference; fileEncoding = 4; lastKnownFileType = sourcecode.c.objc; path = FASTFaceRecognizer.m; sourceTree = "<group>"; };
		D0C05CAB11CECF6400C20516 /* FASTFaceRecognizerTest.octest */ = {isa = PBXFileReference; explicitFileType = wrapper.cfbundle; includeInIndex = 0; path = FASTFaceRecognizerTest.octest; sourceTree = BUILT_PRODUCTS_DIR; };
		D0C05CAC11CECF6400C20516 /* FASTFaceRecognizerTest-Info.plist */ = {isa = PBXFileReference; lastKnownFileType = text.plist.xml; path = "FASTFaceRecognizerTest-Info.plist"; sourceTree = "<group>"; };
		D0F44DA211E077D4003CE7FC /* FASTFaceModel.h */ = {isa = PBXFileReference; fileEncoding = 4; lastKnownFileType = sourcecode.c.h; path = FASTFaceModel.h; sourceTree = "<group>"; };
		D0F44DA311E077D4003CE7FC /* FASTFaceModel.m */ = {isa = PBXFileReference; fileEncoding = 4; lastKnownFileType = sourcecode.c.objc; path = FASTFaceModel.m; sourceTree = "<group>"; };
/* End PBXFileReference section */

/* Begin PBXFrameworksBuildPhase section */
		1D60588F0D05DD3D006BFB54 /* Frameworks */ = {
			isa = PBXFrameworksBuildPhase;
			buildActionMask = 2147483647;
			files = (
				1D60589F0D05DD5A006BFB54 /* Foundation.framework in Frameworks */,
				1DF5F4E00D08C38300B7A737 /* UIKit.framework in Frameworks */,
				288765FD0DF74451002DB57D /* CoreGraphics.framework in Frameworks */,
				D0593FFD11CC6DC5000B3FDC /* iAd.framework in Frameworks */,
				D0955D1611CDB51600B5FBAD /* MobileCoreServices.framework in Frameworks */,
				D00B720711DF19A70033CB25 /* libFASTFaceRecognizer.a in Frameworks */,
			);
			runOnlyForDeploymentPostprocessing = 0;
		};
		D02F61AA11E14A7D006ABDC6 /* Frameworks */ = {
			isa = PBXFrameworksBuildPhase;
			buildActionMask = 2147483647;
			files = (
				D02F61AB11E14A7D006ABDC6 /* Foundation.framework in Frameworks */,
				D02F61AC11E14A7D006ABDC6 /* UIKit.framework in Frameworks */,
				D02F61AD11E14A7D006ABDC6 /* CoreGraphics.framework in Frameworks */,
				D02F61AE11E14A7D006ABDC6 /* iAd.framework in Frameworks */,
				D02F61AF11E14A7D006ABDC6 /* MobileCoreServices.framework in Frameworks */,
				D02F61B011E14A7D006ABDC6 /* libFASTFaceRecognizer.a in Frameworks */,
			);
			runOnlyForDeploymentPostprocessing = 0;
		};
		D02F626B11E14EED006ABDC6 /* Frameworks */ = {
			isa = PBXFrameworksBuildPhase;
			buildActionMask = 2147483647;
			files = (
			);
			runOnlyForDeploymentPostprocessing = 0;
		};
		D02F662211E15957006ABDC6 /* Frameworks */ = {
			isa = PBXFrameworksBuildPhase;
			buildActionMask = 2147483647;
			files = (
				D065228211E1FEE200D9615B /* UIKit.framework in Frameworks */,
				D02F66CC11E15A64006ABDC6 /* Foundation.framework in Frameworks */,
				D02F66CD11E15A64006ABDC6 /* CoreGraphics.framework in Frameworks */,
				D02F665711E15A4C006ABDC6 /* libFASTFaceRecognizer.a in Frameworks */,
			);
			runOnlyForDeploymentPostprocessing = 0;
		};
		D0C05C7E11CECC2000C20516 /* Frameworks */ = {
			isa = PBXFrameworksBuildPhase;
			buildActionMask = 2147483647;
			files = (
				D0F992FD11D029F8004312F8 /* UIKit.framework in Frameworks */,
				D0F992FE11D029F8004312F8 /* Foundation.framework in Frameworks */,
				D0F992FF11D029F8004312F8 /* CoreGraphics.framework in Frameworks */,
			);
			runOnlyForDeploymentPostprocessing = 0;
		};
		D0C05CA811CECF6400C20516 /* Frameworks */ = {
			isa = PBXFrameworksBuildPhase;
			buildActionMask = 2147483647;
			files = (
				D035178211D2D018006554C6 /* UIKit.framework in Frameworks */,
				D035178311D2D018006554C6 /* CoreGraphics.framework in Frameworks */,
				D00B720811DF19A80033CB25 /* libFASTFaceRecognizer.a in Frameworks */,
			);
			runOnlyForDeploymentPostprocessing = 0;
		};
/* End PBXFrameworksBuildPhase section */

/* Begin PBXGroup section */
		080E96DDFE201D6D7F000001 /* Classes */ = {
			isa = PBXGroup;
			children = (
				1D3623240D0F684500981E51 /* FASTFaceAppDelegate.h */,
				1D3623250D0F684500981E51 /* FASTFaceAppDelegate.m */,
				D091DDFC11C9901C009B2AA1 /* MainViewController.h */,
				D091DDFD11C9901C009B2AA1 /* MainViewController.m */,
				D0593F7011CC681C000B3FDC /* ResultViewController.h */,
				D0593F7111CC681C000B3FDC /* ResultViewController.m */,
				D0F44DA211E077D4003CE7FC /* FASTFaceModel.h */,
				D0F44DA311E077D4003CE7FC /* FASTFaceModel.m */,
			);
			path = Classes;
			sourceTree = "<group>";
		};
		19C28FACFE9D520D11CA2CBB /* Products */ = {
			isa = PBXGroup;
			children = (
				1D6058910D05DD3D006BFB54 /* FASTFace.app */,
				D0C05C8011CECC2000C20516 /* libFASTFaceRecognizer.a */,
				D0C05CAB11CECF6400C20516 /* FASTFaceRecognizerTest.octest */,
				D02F61B411E14A7D006ABDC6 /* FASTFace.app */,
				D02F626E11E14EED006ABDC6 /* FASTFaceTests.octest */,
				D02F662511E15957006ABDC6 /* FASTFaceModelTests.octest */,
			);
			name = Products;
			sourceTree = "<group>";
		};
		29B97314FDCFA39411CA2CEA /* CustomTemplate */ = {
			isa = PBXGroup;
			children = (
				D0C05C9111CECC5B00C20516 /* FASTFaceApp */,
				D0C05C8E11CECC4C00C20516 /* FASTFaceRecognizer */,
				29B97323FDCFA39411CA2CEA /* Frameworks */,
				19C28FACFE9D520D11CA2CBB /* Products */,
			);
			name = CustomTemplate;
			sourceTree = "<group>";
		};
		29B97315FDCFA39411CA2CEA /* Other Sources */ = {
			isa = PBXGroup;
			children = (
				32CA4F630368D1EE00C91783 /* FASTFace_Prefix.pch */,
				29B97316FDCFA39411CA2CEA /* main.m */,
			);
			name = "Other Sources";
			sourceTree = "<group>";
		};
		29B97317FDCFA39411CA2CEA /* User Interfaces */ = {
			isa = PBXGroup;
			children = (
				D059412E11CC81BD000B3FDC /* MainViewController.xib */,
				D059412C11CC81A9000B3FDC /* ResultViewController.xib */,
				D059418011CC859E000B3FDC /* MainWindow.xib */,
				8D1107310486CEB800E47090 /* FASTFace-Info.plist */,
				D091DE0E11C994E7009B2AA1 /* blank_image.png */,
			);
			path = "User Interfaces";
			sourceTree = "<group>";
		};
		29B97323FDCFA39411CA2CEA /* Frameworks */ = {
			isa = PBXGroup;
			children = (
				1DF5F4DF0D08C38300B7A737 /* UIKit.framework */,
				1D30AB110D05D00D00671497 /* Foundation.framework */,
				288765FC0DF74451002DB57D /* CoreGraphics.framework */,
				D0593FFC11CC6DC5000B3FDC /* iAd.framework */,
				D0955D1511CDB51600B5FBAD /* MobileCoreServices.framework */,
			);
			name = Frameworks;
			sourceTree = "<group>";
		};
		D02F61D611E14B57006ABDC6 /* Tests */ = {
			isa = PBXGroup;
			children = (
				D02F662611E15957006ABDC6 /* FASTFaceModelTests-Info.plist */,
				D02F647E11E14FE0006ABDC6 /* FASTFaceTests-Info.plist */,
				D02F624B11E14E6E006ABDC6 /* FASTFaceTesting-Info.plist */,
				D02F65D111E157EA006ABDC6 /* FASTFaceAppTests.m */,
				D02F663E11E159C5006ABDC6 /* FASTFaceModelTests.m */,
				D05CD35411E34F1C0099F2F8 /* UIImageCategoriesTests.m */,
			);
			path = Tests;
			sourceTree = "<group>";
		};
		D05848C511E212A9008372C9 /* Resources */ = {
			isa = PBXGroup;
			children = (
				D05CD36111E34FA60099F2F8 /* test_image_noalpha.png */,
				D05848E711E214D9008372C9 /* face_template.txt */,
				D05848E811E214D9008372C9 /* test_image.png */,
			);
			path = Resources;
			sourceTree = "<group>";
		};
		D058497011E21971008372C9 /* Tests */ = {
			isa = PBXGroup;
			children = (
				D058498611E21A0F008372C9 /* FASTFaceRecognizerTest.m */,
			);
			path = Tests;
			sourceTree = "<group>";
		};
		D058498A11E21A2B008372C9 /* UIImage Categories */ = {
			isa = PBXGroup;
			children = (
				D058499711E21A87008372C9 /* UIImage+Alpha.h */,
				D058499811E21A87008372C9 /* UIImage+Alpha.m */,
				D058499911E21A87008372C9 /* UIImage+Grayscale.h */,
				D058499A11E21A87008372C9 /* UIImage+Grayscale.m */,
				D058499B11E21A87008372C9 /* UIImage+Resize.h */,
				D058499C11E21A87008372C9 /* UIImage+Resize.m */,
				D058499D11E21A87008372C9 /* UIImage+RoundedCorner.h */,
				D058499E11E21A87008372C9 /* UIImage+RoundedCorner.m */,
			);
			path = "UIImage Categories";
			sourceTree = "<group>";
		};
		D0C05C8E11CECC4C00C20516 /* FASTFaceRecognizer */ = {
			isa = PBXGroup;
			children = (
				D0C05C9211CECC7C00C20516 /* Classes */,
				D0C05CBA11CECFC600C20516 /* Resources */,
				D058497011E21971008372C9 /* Tests */,
			);
			path = FASTFaceRecognizer;
			sourceTree = "<group>";
		};
		D0C05C9111CECC5B00C20516 /* FASTFaceApp */ = {
			isa = PBXGroup;
			children = (
				D058498A11E21A2B008372C9 /* UIImage Categories */,
				080E96DDFE201D6D7F000001 /* Classes */,
				29B97315FDCFA39411CA2CEA /* Other Sources */,
				D05848C511E212A9008372C9 /* Resources */,
				29B97317FDCFA39411CA2CEA /* User Interfaces */,
				D02F61D611E14B57006ABDC6 /* Tests */,
			);
			path = FASTFaceApp;
			sourceTree = "<group>";
		};
		D0C05C9211CECC7C00C20516 /* Classes */ = {
			isa = PBXGroup;
			children = (
				D0C05C9D11CECD1C00C20516 /* FASTFaceRecognizer.h */,
				D0C05C9E11CECD1C00C20516 /* FASTFaceRecognizer.m */,
				D078DE9C11D174D20006BAD6 /* FaceRecognizer.h */,
				D078DE9D11D174D20006BAD6 /* FaceRecognizer.c */,
				D078DEA611D174F70006BAD6 /* FaceTemplate.h */,
				D078DEA711D174F70006BAD6 /* FaceTemplate.c */,
			);
			path = Classes;
			sourceTree = "<group>";
		};
		D0C05CBA11CECFC600C20516 /* Resources */ = {
			isa = PBXGroup;
			children = (
				D035179111D2D0A9006554C6 /* test_image.png */,
				D0C05CAC11CECF6400C20516 /* FASTFaceRecognizerTest-Info.plist */,
				D0243EEB11E031B000E55B79 /* face_template.txt */,
			);
			path = Resources;
			sourceTree = "<group>";
		};
/* End PBXGroup section */

/* Begin PBXHeadersBuildPhase section */
		D02F629111E14FA6006ABDC6 /* Headers */ = {
			isa = PBXHeadersBuildPhase;
			buildActionMask = 2147483647;
			files = (
				D058488511E20FD3008372C9 /* FASTFace_Prefix.pch in Headers */,
				D05849A711E21A87008372C9 /* UIImage+Alpha.h in Headers */,
				D05849A911E21A87008372C9 /* UIImage+Grayscale.h in Headers */,
				D05849AB11E21A87008372C9 /* UIImage+Resize.h in Headers */,
				D05849AD11E21A87008372C9 /* UIImage+RoundedCorner.h in Headers */,
			);
			runOnlyForDeploymentPostprocessing = 0;
		};
		D0C05C7C11CECC2000C20516 /* Headers */ = {
			isa = PBXHeadersBuildPhase;
			buildActionMask = 2147483647;
			files = (
				D0C05C9F11CECD1C00C20516 /* FASTFaceRecognizer.h in Headers */,
				D078DEA811D174F70006BAD6 /* FaceTemplate.h in Headers */,
				D078DEAA11D175080006BAD6 /* FaceRecognizer.h in Headers */,
			);
			runOnlyForDeploymentPostprocessing = 0;
		};
		D0F9936211D02B47004312F8 /* Headers */ = {
			isa = PBXHeadersBuildPhase;
			buildActionMask = 2147483647;
			files = (
			);
			runOnlyForDeploymentPostprocessing = 0;
		};
/* End PBXHeadersBuildPhase section */

/* Begin PBXNativeTarget section */
		1D6058900D05DD3D006BFB54 /* FASTFace */ = {
			isa = PBXNativeTarget;
			buildConfigurationList = 1D6058960D05DD3E006BFB54 /* Build configuration list for PBXNativeTarget "FASTFace" */;
			buildPhases = (
				1D60588D0D05DD3D006BFB54 /* Resources */,
				1D60588E0D05DD3D006BFB54 /* Sources */,
				1D60588F0D05DD3D006BFB54 /* Frameworks */,
			);
			buildRules = (
			);
			dependencies = (
				D0A65CE211D2D6A100C3BD23 /* PBXTargetDependency */,
			);
			name = FASTFace;
			productName = FASTFace;
			productReference = 1D6058910D05DD3D006BFB54 /* FASTFace.app */;
			productType = "com.apple.product-type.application";
		};
		D02F619C11E14A7D006ABDC6 /* FASTFaceTesting */ = {
			isa = PBXNativeTarget;
			buildConfigurationList = D02F61B111E14A7D006ABDC6 /* Build configuration list for PBXNativeTarget "FASTFaceTesting" */;
			buildPhases = (
				D02F619F11E14A7D006ABDC6 /* Resources */,
				D02F61A411E14A7D006ABDC6 /* Sources */,
				D02F61AA11E14A7D006ABDC6 /* Frameworks */,
			);
			buildRules = (
			);
			dependencies = (
				D02F627B11E14F3C006ABDC6 /* PBXTargetDependency */,
				D02F659C11E1566D006ABDC6 /* PBXTargetDependency */,
			);
			name = FASTFaceTesting;
			productName = FASTFace;
			productReference = D02F61B411E14A7D006ABDC6 /* FASTFace.app */;
			productType = "com.apple.product-type.application";
		};
		D02F626D11E14EED006ABDC6 /* FASTFaceTests */ = {
			isa = PBXNativeTarget;
			buildConfigurationList = D02F627211E14EED006ABDC6 /* Build configuration list for PBXNativeTarget "FASTFaceTests" */;
			buildPhases = (
				D02F626911E14EED006ABDC6 /* Resources */,
				D02F629111E14FA6006ABDC6 /* Headers */,
				D02F626A11E14EED006ABDC6 /* Sources */,
				D02F626B11E14EED006ABDC6 /* Frameworks */,
				D02F626C11E14EED006ABDC6 /* ShellScript */,
			);
			buildRules = (
			);
			dependencies = (
			);
			name = FASTFaceTests;
			productName = FASTFaceTests;
			productReference = D02F626E11E14EED006ABDC6 /* FASTFaceTests.octest */;
			productType = "com.apple.product-type.bundle";
		};
		D02F662411E15957006ABDC6 /* FASTFaceModelTests */ = {
			isa = PBXNativeTarget;
			buildConfigurationList = D02F662911E15957006ABDC6 /* Build configuration list for PBXNativeTarget "FASTFaceModelTests" */;
			buildPhases = (
				D02F662011E15957006ABDC6 /* Resources */,
				D02F662111E15957006ABDC6 /* Sources */,
				D02F662211E15957006ABDC6 /* Frameworks */,
				D02F662311E15957006ABDC6 /* ShellScript */,
			);
			buildRules = (
			);
			dependencies = (
				D02F664E11E15A46006ABDC6 /* PBXTargetDependency */,
			);
			name = FASTFaceModelTests;
			productName = FASTFaceModelTests;
			productReference = D02F662511E15957006ABDC6 /* FASTFaceModelTests.octest */;
			productType = "com.apple.product-type.bundle";
		};
		D0C05C7F11CECC2000C20516 /* FASTFaceRecognizer */ = {
			isa = PBXNativeTarget;
			buildConfigurationList = D0C05C8311CECC4000C20516 /* Build configuration list for PBXNativeTarget "FASTFaceRecognizer" */;
			buildPhases = (
				D0C05C7C11CECC2000C20516 /* Headers */,
				D0C05C7D11CECC2000C20516 /* Sources */,
				D0C05C7E11CECC2000C20516 /* Frameworks */,
			);
			buildRules = (
			);
			dependencies = (
			);
			name = FASTFaceRecognizer;
			productName = FASTFaceRecognizer;
			productReference = D0C05C8011CECC2000C20516 /* libFASTFaceRecognizer.a */;
			productType = "com.apple.product-type.library.static";
		};
		D0C05CAA11CECF6400C20516 /* FASTFaceRecognizerTest */ = {
			isa = PBXNativeTarget;
			buildConfigurationList = D0C05CB011CECF6500C20516 /* Build configuration list for PBXNativeTarget "FASTFaceRecognizerTest" */;
			buildPhases = (
				D0F9936211D02B47004312F8 /* Headers */,
				D0C05CA611CECF6400C20516 /* Resources */,
				D0C05CA711CECF6400C20516 /* Sources */,
				D0C05CA811CECF6400C20516 /* Frameworks */,
				D0C05CA911CECF6400C20516 /* ShellScript */,
			);
			buildRules = (
			);
			dependencies = (
				D00B71D711DF18200033CB25 /* PBXTargetDependency */,
			);
			name = FASTFaceRecognizerTest;
			productName = FASTFaceRecognizerTest;
			productReference = D0C05CAB11CECF6400C20516 /* FASTFaceRecognizerTest.octest */;
			productType = "com.apple.product-type.bundle";
		};
/* End PBXNativeTarget section */

/* Begin PBXProject section */
		29B97313FDCFA39411CA2CEA /* Project object */ = {
			isa = PBXProject;
			attributes = {
				BuildIndependentTargetsInParallel = YES;
			};
			buildConfigurationList = C01FCF4E08A954540054247B /* Build configuration list for PBXProject "FASTFace" */;
			compatibilityVersion = "Xcode 3.1";
			hasScannedForEncodings = 1;
			mainGroup = 29B97314FDCFA39411CA2CEA /* CustomTemplate */;
			projectDirPath = "";
			projectRoot = "";
			targets = (
				1D6058900D05DD3D006BFB54 /* FASTFace */,
				D02F619C11E14A7D006ABDC6 /* FASTFaceTesting */,
				D02F626D11E14EED006ABDC6 /* FASTFaceTests */,
				D02F662411E15957006ABDC6 /* FASTFaceModelTests */,
				D0C05C7F11CECC2000C20516 /* FASTFaceRecognizer */,
				D0C05CAA11CECF6400C20516 /* FASTFaceRecognizerTest */,
			);
		};
/* End PBXProject section */

/* Begin PBXResourcesBuildPhase section */
		1D60588D0D05DD3D006BFB54 /* Resources */ = {
			isa = PBXResourcesBuildPhase;
			buildActionMask = 2147483647;
			files = (
				D059418111CC859E000B3FDC /* MainWindow.xib in Resources */,
				D059412F11CC81BD000B3FDC /* MainViewController.xib in Resources */,
				D091DE0F11C994E7009B2AA1 /* blank_image.png in Resources */,
				D059412D11CC81A9000B3FDC /* ResultViewController.xib in Resources */,
				D05848ED11E214D9008372C9 /* face_template.txt in Resources */,
				D05848EE11E214D9008372C9 /* test_image.png in Resources */,
			);
			runOnlyForDeploymentPostprocessing = 0;
		};
		D02F619F11E14A7D006ABDC6 /* Resources */ = {
			isa = PBXResourcesBuildPhase;
			buildActionMask = 2147483647;
			files = (
				D02F64A311E1504E006ABDC6 /* FASTFaceTests.octest in Resources */,
				D02F61A211E14A7D006ABDC6 /* blank_image.png in Resources */,
				D05848EF11E214D9008372C9 /* face_template.txt in Resources */,
				D05848F011E214D9008372C9 /* test_image.png in Resources */,
			);
			runOnlyForDeploymentPostprocessing = 0;
		};
		D02F626911E14EED006ABDC6 /* Resources */ = {
			isa = PBXResourcesBuildPhase;
			buildActionMask = 2147483647;
			files = (
				D05848EB11E214D9008372C9 /* face_template.txt in Resources */,
				D05848EC11E214D9008372C9 /* test_image.png in Resources */,
			);
			runOnlyForDeploymentPostprocessing = 0;
		};
		D02F662011E15957006ABDC6 /* Resources */ = {
			isa = PBXResourcesBuildPhase;
			buildActionMask = 2147483647;
			files = (
				D05848E911E214D9008372C9 /* face_template.txt in Resources */,
				D05848EA11E214D9008372C9 /* test_image.png in Resources */,
				D05CD36211E34FA60099F2F8 /* test_image_noalpha.png in Resources */,
			);
			runOnlyForDeploymentPostprocessing = 0;
		};
		D0C05CA611CECF6400C20516 /* Resources */ = {
			isa = PBXResourcesBuildPhase;
			buildActionMask = 2147483647;
			files = (
				D035179211D2D0A9006554C6 /* test_image.png in Resources */,
				D0243EEC11E031B000E55B79 /* face_template.txt in Resources */,
			);
			runOnlyForDeploymentPostprocessing = 0;
		};
/* End PBXResourcesBuildPhase section */

/* Begin PBXShellScriptBuildPhase section */
		D02F626C11E14EED006ABDC6 /* ShellScript */ = {
			isa = PBXShellScriptBuildPhase;
			buildActionMask = 2147483647;
			files = (
			);
			inputPaths = (
			);
			outputPaths = (
			);
			runOnlyForDeploymentPostprocessing = 0;
			shellPath = /bin/sh;
			shellScript = "# Run the unit tests in this test bundle.\n\"${SYSTEM_DEVELOPER_DIR}/Tools/RunUnitTests\"\n";
		};
		D02F662311E15957006ABDC6 /* ShellScript */ = {
			isa = PBXShellScriptBuildPhase;
			buildActionMask = 2147483647;
			files = (
			);
			inputPaths = (
			);
			outputPaths = (
			);
			runOnlyForDeploymentPostprocessing = 0;
			shellPath = /bin/sh;
			shellScript = "# Run the unit tests in this test bundle.\n\"${SYSTEM_DEVELOPER_DIR}/Tools/RunUnitTests\"\n";
		};
		D0C05CA911CECF6400C20516 /* ShellScript */ = {
			isa = PBXShellScriptBuildPhase;
			buildActionMask = 2147483647;
			files = (
			);
			inputPaths = (
			);
			outputPaths = (
			);
			runOnlyForDeploymentPostprocessing = 0;
			shellPath = /bin/sh;
			shellScript = "# Run the unit tests in this test bundle.\n\"${SYSTEM_DEVELOPER_DIR}/Tools/RunUnitTests\"\n";
		};
/* End PBXShellScriptBuildPhase section */

/* Begin PBXSourcesBuildPhase section */
		1D60588E0D05DD3D006BFB54 /* Sources */ = {
			isa = PBXSourcesBuildPhase;
			buildActionMask = 2147483647;
			files = (
				1D60589B0D05DD56006BFB54 /* main.m in Sources */,
				1D3623260D0F684500981E51 /* FASTFaceAppDelegate.m in Sources */,
				D091DDFF11C9901C009B2AA1 /* MainViewController.m in Sources */,
				D0593F7311CC681C000B3FDC /* ResultViewController.m in Sources */,
				D0F44DA411E077D4003CE7FC /* FASTFaceModel.m in Sources */,
				D058499F11E21A87008372C9 /* UIImage+Alpha.m in Sources */,
				D05849A011E21A87008372C9 /* UIImage+Grayscale.m in Sources */,
				D05849A111E21A87008372C9 /* UIImage+Resize.m in Sources */,
				D05849A211E21A87008372C9 /* UIImage+RoundedCorner.m in Sources */,
			);
			runOnlyForDeploymentPostprocessing = 0;
		};
		D02F61A411E14A7D006ABDC6 /* Sources */ = {
			isa = PBXSourcesBuildPhase;
			buildActionMask = 2147483647;
			files = (
				D02F61A511E14A7D006ABDC6 /* main.m in Sources */,
				D02F61A611E14A7D006ABDC6 /* FASTFaceAppDelegate.m in Sources */,
				D02F61A711E14A7D006ABDC6 /* MainViewController.m in Sources */,
				D02F61A811E14A7D006ABDC6 /* ResultViewController.m in Sources */,
				D02F61A911E14A7D006ABDC6 /* FASTFaceModel.m in Sources */,
				D05849A311E21A87008372C9 /* UIImage+Alpha.m in Sources */,
				D05849A411E21A87008372C9 /* UIImage+Grayscale.m in Sources */,
				D05849A511E21A87008372C9 /* UIImage+Resize.m in Sources */,
				D05849A611E21A87008372C9 /* UIImage+RoundedCorner.m in Sources */,
			);
			runOnlyForDeploymentPostprocessing = 0;
		};
		D02F626A11E14EED006ABDC6 /* Sources */ = {
			isa = PBXSourcesBuildPhase;
			buildActionMask = 2147483647;
			files = (
				D02F65D311E157EA006ABDC6 /* FASTFaceAppTests.m in Sources */,
				D05849A811E21A87008372C9 /* UIImage+Alpha.m in Sources */,
				D05849AA11E21A87008372C9 /* UIImage+Grayscale.m in Sources */,
				D05849AC11E21A87008372C9 /* UIImage+Resize.m in Sources */,
				D05849AE11E21A87008372C9 /* UIImage+RoundedCorner.m in Sources */,
			);
			runOnlyForDeploymentPostprocessing = 0;
		};
		D02F662111E15957006ABDC6 /* Sources */ = {
			isa = PBXSourcesBuildPhase;
			buildActionMask = 2147483647;
			files = (
				D02F664011E15A24006ABDC6 /* FASTFaceModel.m in Sources */,
				D02F663F11E159C5006ABDC6 /* FASTFaceModelTests.m in Sources */,
				D05CD35511E34F1C0099F2F8 /* UIImageCategoriesTests.m in Sources */,
				D05CD3BF11E351C60099F2F8 /* UIImage+Alpha.m in Sources */,
				D05CD3C011E351C60099F2F8 /* UIImage+Grayscale.m in Sources */,
				D05CD3C111E351C60099F2F8 /* UIImage+Resize.m in Sources */,
				D05CD3C211E351C60099F2F8 /* UIImage+RoundedCorner.m in Sources */,
			);
			runOnlyForDeploymentPostprocessing = 0;
		};
		D0C05C7D11CECC2000C20516 /* Sources */ = {
			isa = PBXSourcesBuildPhase;
			buildActionMask = 2147483647;
			files = (
				D0C05CA011CECD1C00C20516 /* FASTFaceRecognizer.m in Sources */,
				D078DEA911D174F70006BAD6 /* FaceTemplate.c in Sources */,
				D078DEAC11D175140006BAD6 /* FaceRecognizer.c in Sources */,
			);
			runOnlyForDeploymentPostprocessing = 0;
		};
		D0C05CA711CECF6400C20516 /* Sources */ = {
			isa = PBXSourcesBuildPhase;
			buildActionMask = 2147483647;
			files = (
				D058498711E21A0F008372C9 /* FASTFaceRecognizerTest.m in Sources */,
			);
			runOnlyForDeploymentPostprocessing = 0;
		};
/* End PBXSourcesBuildPhase section */

/* Begin PBXTargetDependency section */
		D00B71D711DF18200033CB25 /* PBXTargetDependency */ = {
			isa = PBXTargetDependency;
			target = D0C05C7F11CECC2000C20516 /* FASTFaceRecognizer */;
			targetProxy = D00B71D611DF18200033CB25 /* PBXContainerItemProxy */;
		};
		D02F627B11E14F3C006ABDC6 /* PBXTargetDependency */ = {
			isa = PBXTargetDependency;
			target = D02F626D11E14EED006ABDC6 /* FASTFaceTests */;
			targetProxy = D02F627A11E14F3C006ABDC6 /* PBXContainerItemProxy */;
		};
		D02F659C11E1566D006ABDC6 /* PBXTargetDependency */ = {
			isa = PBXTargetDependency;
			target = D0C05C7F11CECC2000C20516 /* FASTFaceRecognizer */;
			targetProxy = D02F659B11E1566D006ABDC6 /* PBXContainerItemProxy */;
		};
		D02F664E11E15A46006ABDC6 /* PBXTargetDependency */ = {
			isa = PBXTargetDependency;
			target = D0C05C7F11CECC2000C20516 /* FASTFaceRecognizer */;
			targetProxy = D02F664D11E15A46006ABDC6 /* PBXContainerItemProxy */;
		};
		D0A65CE211D2D6A100C3BD23 /* PBXTargetDependency */ = {
			isa = PBXTargetDependency;
			target = D0C05C7F11CECC2000C20516 /* FASTFaceRecognizer */;
			targetProxy = D0A65CE111D2D6A100C3BD23 /* PBXContainerItemProxy */;
		};
/* End PBXTargetDependency section */

/* Begin PBXVariantGroup section */
		D059412C11CC81A9000B3FDC /* ResultViewController.xib */ = {
			isa = PBXVariantGroup;
			children = (
				D0593F7211CC681C000B3FDC /* ResultViewController.xib */,
			);
			name = ResultViewController.xib;
			sourceTree = "<group>";
		};
		D059412E11CC81BD000B3FDC /* MainViewController.xib */ = {
			isa = PBXVariantGroup;
			children = (
				D091DDFE11C9901C009B2AA1 /* MainViewController.xib */,
			);
			name = MainViewController.xib;
			sourceTree = "<group>";
		};
		D059418011CC859E000B3FDC /* MainWindow.xib */ = {
			isa = PBXVariantGroup;
			children = (
				28AD733E0D9D9553002E5188 /* MainWindow.xib */,
			);
			name = MainWindow.xib;
			sourceTree = "<group>";
		};
/* End PBXVariantGroup section */

/* Begin XCBuildConfiguration section */
		1D6058940D05DD3E006BFB54 /* Debug */ = {
			isa = XCBuildConfiguration;
			buildSettings = {
				ALWAYS_SEARCH_USER_PATHS = NO;
				COPY_PHASE_STRIP = NO;
				GCC_DYNAMIC_NO_PIC = NO;
				GCC_OPTIMIZATION_LEVEL = 0;
				GCC_PRECOMPILE_PREFIX_HEADER = YES;
				GCC_PREFIX_HEADER = FASTFaceApp/FASTFace_Prefix.pch;
				INFOPLIST_FILE = "FASTFaceApp/FASTFace-Info.plist";
				PRODUCT_NAME = FASTFace;
			};
			name = Debug;
		};
		1D6058950D05DD3E006BFB54 /* Release */ = {
			isa = XCBuildConfiguration;
			buildSettings = {
				ALWAYS_SEARCH_USER_PATHS = NO;
				COPY_PHASE_STRIP = YES;
				GCC_PRECOMPILE_PREFIX_HEADER = YES;
				GCC_PREFIX_HEADER = FASTFace_Prefix.pch;
				INFOPLIST_FILE = "FASTFace-Info.plist";
				PRODUCT_NAME = FASTFace;
				VALIDATE_PRODUCT = YES;
			};
			name = Release;
		};
		C01FCF4F08A954540054247B /* Debug */ = {
			isa = XCBuildConfiguration;
			buildSettings = {
				ARCHS = "$(ARCHS_STANDARD_32_BIT)";
				"CODE_SIGN_IDENTITY[sdk=iphoneos*]" = "iPhone Developer";
				GCC_C_LANGUAGE_STANDARD = c99;
				GCC_VERSION = com.apple.compilers.llvmgcc42;
				GCC_WARN_ABOUT_RETURN_TYPE = YES;
				GCC_WARN_UNUSED_VARIABLE = YES;
				OTHER_CFLAGS = "-DDEBUG";
				PREBINDING = NO;
				SDKROOT = iphoneos4.0;
			};
			name = Debug;
		};
		C01FCF5008A954540054247B /* Release */ = {
			isa = XCBuildConfiguration;
			buildSettings = {
				ARCHS = "$(ARCHS_STANDARD_32_BIT)";
				"CODE_SIGN_IDENTITY[sdk=iphoneos*]" = "iPhone Developer";
				GCC_C_LANGUAGE_STANDARD = c99;
				GCC_VERSION = com.apple.compilers.llvmgcc42;
				GCC_WARN_ABOUT_RETURN_TYPE = YES;
				GCC_WARN_UNUSED_VARIABLE = YES;
				OTHER_CFLAGS = "-DNS_BLOCK_ASSERTIONS=1";
				PREBINDING = NO;
				SDKROOT = iphoneos4.0;
			};
			name = Release;
		};
		D02F61B211E14A7D006ABDC6 /* Debug */ = {
			isa = XCBuildConfiguration;
			buildSettings = {
				ALWAYS_SEARCH_USER_PATHS = NO;
				COPY_PHASE_STRIP = NO;
				GCC_DYNAMIC_NO_PIC = NO;
				GCC_OPTIMIZATION_LEVEL = 0;
				GCC_PRECOMPILE_PREFIX_HEADER = YES;
				GCC_PREFIX_HEADER = FASTFaceApp/FASTFace_Prefix.pch;
				INFOPLIST_FILE = "FASTFaceApp/FASTFaceTesting-Info.plist";
				PRODUCT_NAME = FASTFace;
			};
			name = Debug;
		};
		D02F61B311E14A7D006ABDC6 /* Release */ = {
			isa = XCBuildConfiguration;
			buildSettings = {
				ALWAYS_SEARCH_USER_PATHS = NO;
				COPY_PHASE_STRIP = YES;
				GCC_PRECOMPILE_PREFIX_HEADER = YES;
				GCC_PREFIX_HEADER = FASTFace_Prefix.pch;
				INFOPLIST_FILE = "../FASTFace-Info copy.plist";
				PRODUCT_NAME = FASTFace;
				VALIDATE_PRODUCT = YES;
			};
			name = Release;
		};
		D02F627011E14EED006ABDC6 /* Debug */ = {
			isa = XCBuildConfiguration;
			buildSettings = {
				ALWAYS_SEARCH_USER_PATHS = NO;
				"CODE_SIGN_IDENTITY[sdk=iphoneos*]" = "";
				COPY_PHASE_STRIP = NO;
				FRAMEWORK_SEARCH_PATHS = (
					"\"$(SDKROOT)/Developer/Library/Frameworks\"",
					"\"$(DEVELOPER_LIBRARY_DIR)/Frameworks\"",
				);
				GCC_DYNAMIC_NO_PIC = NO;
				GCC_ENABLE_FIX_AND_CONTINUE = NO;
				GCC_ENABLE_OBJC_EXCEPTIONS = YES;
				GCC_OPTIMIZATION_LEVEL = 0;
				GCC_PREFIX_HEADER = FASTFaceApp/FASTFace_Prefix.pch;
				INFOPLIST_FILE = "FASTFaceApp/Tests/FASTFaceTests-Info.plist";
				OTHER_LDFLAGS = (
					"-framework",
					Foundation,
					"-framework",
					SenTestingKit,
					"-framework",
					UIKit,
				);
				PREBINDING = NO;
				PRODUCT_NAME = FASTFaceTests;
				WRAPPER_EXTENSION = octest;
			};
			name = Debug;
		};
		D02F627111E14EED006ABDC6 /* Release */ = {
			isa = XCBuildConfiguration;
			buildSettings = {
				ALWAYS_SEARCH_USER_PATHS = NO;
				"CODE_SIGN_IDENTITY[sdk=iphoneos*]" = "";
				COPY_PHASE_STRIP = YES;
				DEBUG_INFORMATION_FORMAT = "dwarf-with-dsym";
				FRAMEWORK_SEARCH_PATHS = (
					"\"$(SDKROOT)/Developer/Library/Frameworks\"",
					"\"$(DEVELOPER_LIBRARY_DIR)/Frameworks\"",
				);
				GCC_ENABLE_FIX_AND_CONTINUE = NO;
				GCC_ENABLE_OBJC_EXCEPTIONS = YES;
				GCC_PREFIX_HEADER = FASTFaceApp/FASTFace_Prefix.pch;
				INFOPLIST_FILE = "FASTFaceApp/Tests/FASTFaceTests-Info.plist";
				OTHER_LDFLAGS = (
					"-framework",
					Foundation,
					"-framework",
					SenTestingKit,
					"-framework",
					UIKit,
				);
				PREBINDING = NO;
				PRODUCT_NAME = FASTFaceTests;
				WRAPPER_EXTENSION = octest;
				ZERO_LINK = NO;
			};
			name = Release;
		};
		D02F662711E15957006ABDC6 /* Debug */ = {
			isa = XCBuildConfiguration;
			buildSettings = {
				ALWAYS_SEARCH_USER_PATHS = NO;
				"CODE_SIGN_IDENTITY[sdk=iphoneos*]" = "";
				COPY_PHASE_STRIP = NO;
				FRAMEWORK_SEARCH_PATHS = (
					"\"$(SDKROOT)/Developer/Library/Frameworks\"",
					"\"$(DEVELOPER_LIBRARY_DIR)/Frameworks\"",
				);
				GCC_DYNAMIC_NO_PIC = NO;
				GCC_ENABLE_FIX_AND_CONTINUE = NO;
				GCC_ENABLE_OBJC_EXCEPTIONS = YES;
				GCC_OPTIMIZATION_LEVEL = 0;
				GCC_PREFIX_HEADER = FASTFaceApp/FASTFace_Prefix.pch;
				INFOPLIST_FILE = "FASTFaceApp/Tests/FASTFaceModelTests-Info.plist";
				OTHER_LDFLAGS = (
					"-framework",
					Foundation,
					"-framework",
					SenTestingKit,
					"-framework",
					UIKit,
				);
				PREBINDING = NO;
				PRODUCT_NAME = FASTFaceModelTests;
				WRAPPER_EXTENSION = octest;
			};
			name = Debug;
		};
		D02F662811E15957006ABDC6 /* Release */ = {
			isa = XCBuildConfiguration;
			buildSettings = {
				ALWAYS_SEARCH_USER_PATHS = NO;
				"CODE_SIGN_IDENTITY[sdk=iphoneos*]" = "";
				COPY_PHASE_STRIP = YES;
				DEBUG_INFORMATION_FORMAT = "dwarf-with-dsym";
				FRAMEWORK_SEARCH_PATHS = (
					"\"$(SDKROOT)/Developer/Library/Frameworks\"",
					"\"$(DEVELOPER_LIBRARY_DIR)/Frameworks\"",
				);
				GCC_ENABLE_FIX_AND_CONTINUE = NO;
				GCC_ENABLE_OBJC_EXCEPTIONS = YES;
				GCC_PREFIX_HEADER = FASTFaceApp/FASTFace_Prefix.pch;
				INFOPLIST_FILE = "FASTFaceApp/Tests/FASTFaceModelTests-Info.plist";
				OTHER_LDFLAGS = (
					"-framework",
					Foundation,
					"-framework",
					SenTestingKit,
					"-framework",
					UIKit,
				);
				PREBINDING = NO;
				PRODUCT_NAME = FASTFaceModelTests;
				WRAPPER_EXTENSION = octest;
				ZERO_LINK = NO;
			};
			name = Release;
		};
		D0C05C8111CECC2100C20516 /* Debug */ = {
			isa = XCBuildConfiguration;
			buildSettings = {
				ALWAYS_SEARCH_USER_PATHS = NO;
				COPY_PHASE_STRIP = NO;
				GCC_DYNAMIC_NO_PIC = NO;
				GCC_OPTIMIZATION_LEVEL = 0;
				PREBINDING = NO;
				PRODUCT_NAME = FASTFaceRecognizer;
			};
			name = Debug;
		};
		D0C05C8211CECC2100C20516 /* Release */ = {
			isa = XCBuildConfiguration;
			buildSettings = {
				ALWAYS_SEARCH_USER_PATHS = NO;
				COPY_PHASE_STRIP = YES;
				DEBUG_INFORMATION_FORMAT = "dwarf-with-dsym";
				GCC_ENABLE_FIX_AND_CONTINUE = NO;
				PREBINDING = NO;
				PRODUCT_NAME = FASTFaceRecognizer;
				ZERO_LINK = NO;
			};
			name = Release;
		};
		D0C05CAE11CECF6500C20516 /* Debug */ = {
			isa = XCBuildConfiguration;
			buildSettings = {
				ALWAYS_SEARCH_USER_PATHS = NO;
				"CODE_SIGN_IDENTITY[sdk=iphoneos*]" = "";
				COPY_PHASE_STRIP = NO;
				FRAMEWORK_SEARCH_PATHS = (
					"\"$(SDKROOT)/Developer/Library/Frameworks\"",
					"\"$(DEVELOPER_LIBRARY_DIR)/Frameworks\"",
				);
				GCC_DYNAMIC_NO_PIC = NO;
				GCC_ENABLE_FIX_AND_CONTINUE = NO;
				GCC_ENABLE_OBJC_EXCEPTIONS = YES;
				GCC_OPTIMIZATION_LEVEL = 0;
				INFOPLIST_FILE = "FASTFaceRecognizer/Resources/FASTFaceRecognizerTest-Info.plist";
				OTHER_LDFLAGS = (
					"-framework",
					Foundation,
					"-framework",
					SenTestingKit,
					"-framework",
					UIKit,
				);
				PREBINDING = NO;
				PRODUCT_NAME = FASTFaceRecognizerTest;
				WRAPPER_EXTENSION = octest;
			};
			name = Debug;
		};
		D0C05CAF11CECF6500C20516 /* Release */ = {
			isa = XCBuildConfiguration;
			buildSettings = {
				ALWAYS_SEARCH_USER_PATHS = NO;
				"CODE_SIGN_IDENTITY[sdk=iphoneos*]" = "";
				COPY_PHASE_STRIP = YES;
				DEBUG_INFORMATION_FORMAT = "dwarf-with-dsym";
				FRAMEWORK_SEARCH_PATHS = (
					"\"$(SDKROOT)/Developer/Library/Frameworks\"",
					"\"$(DEVELOPER_LIBRARY_DIR)/Frameworks\"",
				);
				GCC_ENABLE_FIX_AND_CONTINUE = NO;
				GCC_ENABLE_OBJC_EXCEPTIONS = YES;
				INFOPLIST_FILE = "FASTFaceRecognizerTest-Info.plist";
				OTHER_LDFLAGS = (
					"-framework",
					Foundation,
					"-framework",
					SenTestingKit,
					"-framework",
					UIKit,
				);
				PREBINDING = NO;
				PRODUCT_NAME = FASTFaceRecognizerTest;
				WRAPPER_EXTENSION = octest;
				ZERO_LINK = NO;
			};
			name = Release;
		};
/* End XCBuildConfiguration section */

/* Begin XCConfigurationList section */
		1D6058960D05DD3E006BFB54 /* Build configuration list for PBXNativeTarget "FASTFace" */ = {
			isa = XCConfigurationList;
			buildConfigurations = (
				1D6058940D05DD3E006BFB54 /* Debug */,
				1D6058950D05DD3E006BFB54 /* Release */,
			);
			defaultConfigurationIsVisible = 0;
			defaultConfigurationName = Release;
		};
		C01FCF4E08A954540054247B /* Build configuration list for PBXProject "FASTFace" */ = {
			isa = XCConfigurationList;
			buildConfigurations = (
				C01FCF4F08A954540054247B /* Debug */,
				C01FCF5008A954540054247B /* Release */,
			);
			defaultConfigurationIsVisible = 0;
			defaultConfigurationName = Release;
		};
		D02F61B111E14A7D006ABDC6 /* Build configuration list for PBXNativeTarget "FASTFaceTesting" */ = {
			isa = XCConfigurationList;
			buildConfigurations = (
				D02F61B211E14A7D006ABDC6 /* Debug */,
				D02F61B311E14A7D006ABDC6 /* Release */,
			);
			defaultConfigurationIsVisible = 0;
			defaultConfigurationName = Release;
		};
		D02F627211E14EED006ABDC6 /* Build configuration list for PBXNativeTarget "FASTFaceTests" */ = {
			isa = XCConfigurationList;
			buildConfigurations = (
				D02F627011E14EED006ABDC6 /* Debug */,
				D02F627111E14EED006ABDC6 /* Release */,
			);
			defaultConfigurationIsVisible = 0;
			defaultConfigurationName = Release;
		};
		D02F662911E15957006ABDC6 /* Build configuration list for PBXNativeTarget "FASTFaceModelTests" */ = {
			isa = XCConfigurationList;
			buildConfigurations = (
				D02F662711E15957006ABDC6 /* Debug */,
				D02F662811E15957006ABDC6 /* Release */,
			);
			defaultConfigurationIsVisible = 0;
			defaultConfigurationName = Release;
		};
		D0C05C8311CECC4000C20516 /* Build configuration list for PBXNativeTarget "FASTFaceRecognizer" */ = {
			isa = XCConfigurationList;
			buildConfigurations = (
				D0C05C8111CECC2100C20516 /* Debug */,
				D0C05C8211CECC2100C20516 /* Release */,
			);
			defaultConfigurationIsVisible = 0;
			defaultConfigurationName = Release;
		};
		D0C05CB011CECF6500C20516 /* Build configuration list for PBXNativeTarget "FASTFaceRecognizerTest" */ = {
			isa = XCConfigurationList;
			buildConfigurations = (
				D0C05CAE11CECF6500C20516 /* Debug */,
				D0C05CAF11CECF6500C20516 /* Release */,
			);
			defaultConfigurationIsVisible = 0;
			defaultConfigurationName = Release;
		};
/* End XCConfigurationList section */
	};
	rootObject = 29B97313FDCFA39411CA2CEA /* Project object */;
}
